
Microsoft Visual Studio Solution File, Format Version 12.00
# Visual Studio Version 16
VisualStudioVersion = 16.0.33927.289
MinimumVisualStudioVersion = 10.0.40219.1
Project("{2150E333-8FDC-42A3-9474-1A3956D46DE8}") = "Task0", "Task0", "{9E1CE6DC-3F91-41C9-9F19-59449F2ACA6A}"
EndProject
Project("{FAE04EC0-301F-11D3-BF4B-00C04F79EFBC}") = "Tyuiu.SavenkovaME.Sprint2.Task0.V27", "Tyuiu.SavenkovaME.Sprint2.Task0.V27\Tyuiu.SavenkovaME.Sprint2.Task0.V27.csproj", "{DDC98B6F-7185-4108-91EA-A20E40A64070}"
EndProject
Project("{FAE04EC0-301F-11D3-BF4B-00C04F79EFBC}") = "Tyuiu.SavenkovaME.Sprint2.Task0.V27.Lib", "Tyuiu.SavenkovaME.Sprint2.Task0.V27.Lib\Tyuiu.SavenkovaME.Sprint2.Task0.V27.Lib.csproj", "{AE329718-1F88-4366-9A9F-38BC9A13DE88}"
EndProject
Project("{FAE04EC0-301F-11D3-BF4B-00C04F79EFBC}") = "Tyuiu.SavenkovaME.Sprint2.Task0.V27.Test", "Tyuiu.SavenkovaME.Sprint2.Task0.V27.Test\Tyuiu.SavenkovaME.Sprint2.Task0.V27.Test.csproj", "{C493D8F9-A989-44C8-B098-81A1A61E48C3}"
EndProject
Project("{2150E333-8FDC-42A3-9474-1A3956D46DE8}") = "Task1", "Task1", "{5BE0F28F-2E79-4D53-B9C4-5AB76F3EE95B}"
EndProject
Project("{FAE04EC0-301F-11D3-BF4B-00C04F79EFBC}") = "Tyuiu.SavenkovaME.Sprint2.Task1.V1", "Tyuiu.SavenkovaME.Sprint2.Task1.V1\Tyuiu.SavenkovaME.Sprint2.Task1.V1.csproj", "{E49A6238-3DEF-4973-8852-B75BE25000F5}"
EndProject
Project("{FAE04EC0-301F-11D3-BF4B-00C04F79EFBC}") = "Tyuiu.SavenkovaME.Sprint2.Task1.V1.Lib", "Tyuiu.SavenkovaME.Sprint2.Task1.V1.Lib\Tyuiu.SavenkovaME.Sprint2.Task1.V1.Lib.csproj", "{DD422326-BAF3-464D-BCA4-FE3DAA88FAC9}"
EndProject
Project("{FAE04EC0-301F-11D3-BF4B-00C04F79EFBC}") = "Tyuiu.SavenkovaME.Sprint2.Task1.V1.Test", "Tyuiu.SavenkovaME.Sprint2.Task1.V1.Test\Tyuiu.SavenkovaME.Sprint2.Task1.V1.Test.csproj", "{69A740C3-16D5-4EB7-A604-E6FB681C9811}"
EndProject
Project("{2150E333-8FDC-42A3-9474-1A3956D46DE8}") = "Task2", "Task2", "{2D385521-AF41-4730-8AAE-CF0C633B3795}"
EndProject
Project("{FAE04EC0-301F-11D3-BF4B-00C04F79EFBC}") = "Tyuiu.SavenkovaME.Sprint2.Task2.V11", "Tyuiu.SavenkovaME.Sprint2.Task2.V11\Tyuiu.SavenkovaME.Sprint2.Task2.V11.csproj", "{5D269648-E608-4C89-AEBE-5B44216A76F3}"
EndProject
Project("{FAE04EC0-301F-11D3-BF4B-00C04F79EFBC}") = "Tyuiu.SavenkovaME.Sprint2.Task2.V11.Lib", "Tyuiu.SavenkovaME.Sprint2.Task2.V11.Lib\Tyuiu.SavenkovaME.Sprint2.Task2.V11.Lib.csproj", "{BA30CAA5-223C-4C66-AD2E-62F02483DB63}"
EndProject
Project("{FAE04EC0-301F-11D3-BF4B-00C04F79EFBC}") = "Tyuiu.SavenkovaME.Sprint2.Task2.V11.Test", "Tyuiu.SavenkovaME.Sprint2.Task2.V11.Test\Tyuiu.SavenkovaME.Sprint2.Task2.V11.Test.csproj", "{90CEDCE3-6777-4457-BD5D-DAB27D7DA0EA}"
EndProject
Project("{2150E333-8FDC-42A3-9474-1A3956D46DE8}") = "Task3", "Task3", "{0F5BE0BF-116D-437D-96B3-5860D0114DFA}"
EndProject
Project("{FAE04EC0-301F-11D3-BF4B-00C04F79EFBC}") = "Tyuiu.SavenkovaME.Sprint2.Task3.V30", "Tyuiu.SavenkovaME.Sprint2.Task3.V30\Tyuiu.SavenkovaME.Sprint2.Task3.V30.csproj", "{50BA5783-CFFA-4EF4-A51C-2D647200B6B8}"
EndProject
Project("{FAE04EC0-301F-11D3-BF4B-00C04F79EFBC}") = "Tyuiu.SavenkovaME.Sprint2.Task3.V30.Lib", "Tyuiu.SavenkovaME.Sprint2.Task3.V30.Lib\Tyuiu.SavenkovaME.Sprint2.Task3.V30.Lib.csproj", "{8E549718-337A-451F-9F6C-FFA96E722893}"
EndProject
Project("{FAE04EC0-301F-11D3-BF4B-00C04F79EFBC}") = "Tyuiu.SavenkovaME.Sprint2.Task3.V30.Test", "Tyuiu.SavenkovaME.Sprint2.Task3.V30.Test\Tyuiu.SavenkovaME.Sprint2.Task3.V30.Test.csproj", "{FD3EEC7A-3C22-4B6A-A450-9703FFAE16EC}"
EndProject
Project("{2150E333-8FDC-42A3-9474-1A3956D46DE8}") = "Task4", "Task4", "{B848750F-2BC1-4242-B375-4C730C7D077A}"
EndProject
Project("{FAE04EC0-301F-11D3-BF4B-00C04F79EFBC}") = "Tyuiu.SavenkovaME.Sprint2.Task4.V15", "Tyuiu.SavenkovaME.Sprint2.Task4.V15\Tyuiu.SavenkovaME.Sprint2.Task4.V15.csproj", "{ED3828FF-3AEB-49A0-9EDE-742CABEBCC73}"
EndProject
Project("{FAE04EC0-301F-11D3-BF4B-00C04F79EFBC}") = "Tyuiu.SavenkovaME.Sprint2.Task4.V15.Lib", "Tyuiu.SavenkovaME.Sprint2.Task4.V15.Lib\Tyuiu.SavenkovaME.Sprint2.Task4.V15.Lib.csproj", "{41BBCF91-365B-42C5-B274-AD79A776D148}"
EndProject
Project("{FAE04EC0-301F-11D3-BF4B-00C04F79EFBC}") = "Tyuiu.SavenkovaME.Sprint2.Task4.V15.Test", "Tyuiu.SavenkovaME.Sprint2.Task4.V15.Test\Tyuiu.SavenkovaME.Sprint2.Task4.V15.Test.csproj", "{744CFAA3-8476-4DF7-9AAE-05F086910934}"
EndProject
Project("{2150E333-8FDC-42A3-9474-1A3956D46DE8}") = "Task5", "Task5", "{DCADBEDA-09E1-46EA-BDB3-917EF79D0CA6}"
EndProject
Project("{FAE04EC0-301F-11D3-BF4B-00C04F79EFBC}") = "Tyuiu.SavenkovaME.Sprint2.Task5.V15", "Tyuiu.SavenkovaME.Sprint2.Task5.V15\Tyuiu.SavenkovaME.Sprint2.Task5.V15.csproj", "{E11DCAA4-9BE1-499D-96CF-B256570C2780}"
EndProject
Project("{FAE04EC0-301F-11D3-BF4B-00C04F79EFBC}") = "Tyuiu.SavenkovaME.Sprint2.Task5.V15.Lib", "Tyuiu.SavenkovaME.Sprint2.Task5.V15.Lib\Tyuiu.SavenkovaME.Sprint2.Task5.V15.Lib.csproj", "{994BCB6B-4120-4AE3-9FE8-2CD9CCC2F3A9}"
EndProject
Project("{FAE04EC0-301F-11D3-BF4B-00C04F79EFBC}") = "Tyuiu.SavenkovaME.Sprint2.Task5.V15.Test", "Tyuiu.SavenkovaME.Sprint2.Task5.V15.Test\Tyuiu.SavenkovaME.Sprint2.Task5.V15.Test.csproj", "{ED4FD842-465C-4762-A957-1AA0CB56BF91}"
EndProject
Project("{2150E333-8FDC-42A3-9474-1A3956D46DE8}") = "Task6", "Task6", "{93AF738F-38A0-43AB-87FC-E05E337EB296}"
EndProject
Project("{FAE04EC0-301F-11D3-BF4B-00C04F79EFBC}") = "Tyuiu.SavenkovaME.Sprint2.Task6.V14", "Tyuiu.SavenkovaME.Sprint2.Task6.V14\Tyuiu.SavenkovaME.Sprint2.Task6.V14.csproj", "{913DB060-C24D-45C1-9A6E-65AD73B139AE}"
EndProject
Project("{FAE04EC0-301F-11D3-BF4B-00C04F79EFBC}") = "Tyuiu.SavenkovaME.Sprint2.Task6.V14.Lib", "Tyuiu.SavenkovaME.Sprint2.Task6.V14.Lib\Tyuiu.SavenkovaME.Sprint2.Task6.V14.Lib.csproj", "{DFF83B92-3C4C-40DA-93D0-F34B81B1A7A5}"
EndProject
Project("{FAE04EC0-301F-11D3-BF4B-00C04F79EFBC}") = "Tyuiu.SavenkovaME.Sprint2.Task6.V14.Test", "Tyuiu.SavenkovaME.Sprint2.Task6.V14.Test\Tyuiu.SavenkovaME.Sprint2.Task6.V14.Test.csproj", "{44CCE243-AF6E-4BD7-B8E3-76FB1CC62FA8}"
EndProject
Global
	GlobalSection(SolutionConfigurationPlatforms) = preSolution
		Debug|Any CPU = Debug|Any CPU
		Release|Any CPU = Release|Any CPU
	EndGlobalSection
	GlobalSection(ProjectConfigurationPlatforms) = postSolution
		{DDC98B6F-7185-4108-91EA-A20E40A64070}.Debug|Any CPU.ActiveCfg = Debug|Any CPU
		{DDC98B6F-7185-4108-91EA-A20E40A64070}.Debug|Any CPU.Build.0 = Debug|Any CPU
		{DDC98B6F-7185-4108-91EA-A20E40A64070}.Release|Any CPU.ActiveCfg = Release|Any CPU
		{DDC98B6F-7185-4108-91EA-A20E40A64070}.Release|Any CPU.Build.0 = Release|Any CPU
		{AE329718-1F88-4366-9A9F-38BC9A13DE88}.Debug|Any CPU.ActiveCfg = Debug|Any CPU
		{AE329718-1F88-4366-9A9F-38BC9A13DE88}.Debug|Any CPU.Build.0 = Debug|Any CPU
		{AE329718-1F88-4366-9A9F-38BC9A13DE88}.Release|Any CPU.ActiveCfg = Release|Any CPU
		{AE329718-1F88-4366-9A9F-38BC9A13DE88}.Release|Any CPU.Build.0 = Release|Any CPU
		{C493D8F9-A989-44C8-B098-81A1A61E48C3}.Debug|Any CPU.ActiveCfg = Debug|Any CPU
		{C493D8F9-A989-44C8-B098-81A1A61E48C3}.Debug|Any CPU.Build.0 = Debug|Any CPU
		{C493D8F9-A989-44C8-B098-81A1A61E48C3}.Release|Any CPU.ActiveCfg = Release|Any CPU
		{C493D8F9-A989-44C8-B098-81A1A61E48C3}.Release|Any CPU.Build.0 = Release|Any CPU
		{E49A6238-3DEF-4973-8852-B75BE25000F5}.Debug|Any CPU.ActiveCfg = Debug|Any CPU
		{E49A6238-3DEF-4973-8852-B75BE25000F5}.Debug|Any CPU.Build.0 = Debug|Any CPU
		{E49A6238-3DEF-4973-8852-B75BE25000F5}.Release|Any CPU.ActiveCfg = Release|Any CPU
		{E49A6238-3DEF-4973-8852-B75BE25000F5}.Release|Any CPU.Build.0 = Release|Any CPU
		{DD422326-BAF3-464D-BCA4-FE3DAA88FAC9}.Debug|Any CPU.ActiveCfg = Debug|Any CPU
		{DD422326-BAF3-464D-BCA4-FE3DAA88FAC9}.Debug|Any CPU.Build.0 = Debug|Any CPU
		{DD422326-BAF3-464D-BCA4-FE3DAA88FAC9}.Release|Any CPU.ActiveCfg = Release|Any CPU
		{DD422326-BAF3-464D-BCA4-FE3DAA88FAC9}.Release|Any CPU.Build.0 = Release|Any CPU
		{69A740C3-16D5-4EB7-A604-E6FB681C9811}.Debug|Any CPU.ActiveCfg = Debug|Any CPU
		{69A740C3-16D5-4EB7-A604-E6FB681C9811}.Debug|Any CPU.Build.0 = Debug|Any CPU
		{69A740C3-16D5-4EB7-A604-E6FB681C9811}.Release|Any CPU.ActiveCfg = Release|Any CPU
		{69A740C3-16D5-4EB7-A604-E6FB681C9811}.Release|Any CPU.Build.0 = Release|Any CPU
		{5D269648-E608-4C89-AEBE-5B44216A76F3}.Debug|Any CPU.ActiveCfg = Debug|Any CPU
		{5D269648-E608-4C89-AEBE-5B44216A76F3}.Debug|Any CPU.Build.0 = Debug|Any CPU
		{5D269648-E608-4C89-AEBE-5B44216A76F3}.Release|Any CPU.ActiveCfg = Release|Any CPU
		{5D269648-E608-4C89-AEBE-5B44216A76F3}.Release|Any CPU.Build.0 = Release|Any CPU
		{BA30CAA5-223C-4C66-AD2E-62F02483DB63}.Debug|Any CPU.ActiveCfg = Debug|Any CPU
		{BA30CAA5-223C-4C66-AD2E-62F02483DB63}.Debug|Any CPU.Build.0 = Debug|Any CPU
		{BA30CAA5-223C-4C66-AD2E-62F02483DB63}.Release|Any CPU.ActiveCfg = Release|Any CPU
		{BA30CAA5-223C-4C66-AD2E-62F02483DB63}.Release|Any CPU.Build.0 = Release|Any CPU
		{90CEDCE3-6777-4457-BD5D-DAB27D7DA0EA}.Debug|Any CPU.ActiveCfg = Debug|Any CPU
		{90CEDCE3-6777-4457-BD5D-DAB27D7DA0EA}.Debug|Any CPU.Build.0 = Debug|Any CPU
		{90CEDCE3-6777-4457-BD5D-DAB27D7DA0EA}.Release|Any CPU.ActiveCfg = Release|Any CPU
		{90CEDCE3-6777-4457-BD5D-DAB27D7DA0EA}.Release|Any CPU.Build.0 = Release|Any CPU
		{50BA5783-CFFA-4EF4-A51C-2D647200B6B8}.Debug|Any CPU.ActiveCfg = Debug|Any CPU
		{50BA5783-CFFA-4EF4-A51C-2D647200B6B8}.Debug|Any CPU.Build.0 = Debug|Any CPU
		{50BA5783-CFFA-4EF4-A51C-2D647200B6B8}.Release|Any CPU.ActiveCfg = Release|Any CPU
		{50BA5783-CFFA-4EF4-A51C-2D647200B6B8}.Release|Any CPU.Build.0 = Release|Any CPU
		{8E549718-337A-451F-9F6C-FFA96E722893}.Debug|Any CPU.ActiveCfg = Debug|Any CPU
		{8E549718-337A-451F-9F6C-FFA96E722893}.Debug|Any CPU.Build.0 = Debug|Any CPU
		{8E549718-337A-451F-9F6C-FFA96E722893}.Release|Any CPU.ActiveCfg = Release|Any CPU
		{8E549718-337A-451F-9F6C-FFA96E722893}.Release|Any CPU.Build.0 = Release|Any CPU
		{FD3EEC7A-3C22-4B6A-A450-9703FFAE16EC}.Debug|Any CPU.ActiveCfg = Debug|Any CPU
		{FD3EEC7A-3C22-4B6A-A450-9703FFAE16EC}.Debug|Any CPU.Build.0 = Debug|Any CPU
		{FD3EEC7A-3C22-4B6A-A450-9703FFAE16EC}.Release|Any CPU.ActiveCfg = Release|Any CPU
		{FD3EEC7A-3C22-4B6A-A450-9703FFAE16EC}.Release|Any CPU.Build.0 = Release|Any CPU
		{ED3828FF-3AEB-49A0-9EDE-742CABEBCC73}.Debug|Any CPU.ActiveCfg = Debug|Any CPU
		{ED3828FF-3AEB-49A0-9EDE-742CABEBCC73}.Debug|Any CPU.Build.0 = Debug|Any CPU
		{ED3828FF-3AEB-49A0-9EDE-742CABEBCC73}.Release|Any CPU.ActiveCfg = Release|Any CPU
		{ED3828FF-3AEB-49A0-9EDE-742CABEBCC73}.Release|Any CPU.Build.0 = Release|Any CPU
		{41BBCF91-365B-42C5-B274-AD79A776D148}.Debug|Any CPU.ActiveCfg = Debug|Any CPU
		{41BBCF91-365B-42C5-B274-AD79A776D148}.Debug|Any CPU.Build.0 = Debug|Any CPU
		{41BBCF91-365B-42C5-B274-AD79A776D148}.Release|Any CPU.ActiveCfg = Release|Any CPU
		{41BBCF91-365B-42C5-B274-AD79A776D148}.Release|Any CPU.Build.0 = Release|Any CPU
		{744CFAA3-8476-4DF7-9AAE-05F086910934}.Debug|Any CPU.ActiveCfg = Debug|Any CPU
		{744CFAA3-8476-4DF7-9AAE-05F086910934}.Debug|Any CPU.Build.0 = Debug|Any CPU
		{744CFAA3-8476-4DF7-9AAE-05F086910934}.Release|Any CPU.ActiveCfg = Release|Any CPU
		{744CFAA3-8476-4DF7-9AAE-05F086910934}.Release|Any CPU.Build.0 = Release|Any CPU
		{E11DCAA4-9BE1-499D-96CF-B256570C2780}.Debug|Any CPU.ActiveCfg = Debug|Any CPU
		{E11DCAA4-9BE1-499D-96CF-B256570C2780}.Debug|Any CPU.Build.0 = Debug|Any CPU
		{E11DCAA4-9BE1-499D-96CF-B256570C2780}.Release|Any CPU.ActiveCfg = Release|Any CPU
		{E11DCAA4-9BE1-499D-96CF-B256570C2780}.Release|Any CPU.Build.0 = Release|Any CPU
		{994BCB6B-4120-4AE3-9FE8-2CD9CCC2F3A9}.Debug|Any CPU.ActiveCfg = Debug|Any CPU
		{994BCB6B-4120-4AE3-9FE8-2CD9CCC2F3A9}.Debug|Any CPU.Build.0 = Debug|Any CPU
		{994BCB6B-4120-4AE3-9FE8-2CD9CCC2F3A9}.Release|Any CPU.ActiveCfg = Release|Any CPU
		{994BCB6B-4120-4AE3-9FE8-2CD9CCC2F3A9}.Release|Any CPU.Build.0 = Release|Any CPU
		{ED4FD842-465C-4762-A957-1AA0CB56BF91}.Debug|Any CPU.ActiveCfg = Debug|Any CPU
		{ED4FD842-465C-4762-A957-1AA0CB56BF91}.Debug|Any CPU.Build.0 = Debug|Any CPU
		{ED4FD842-465C-4762-A957-1AA0CB56BF91}.Release|Any CPU.ActiveCfg = Release|Any CPU
		{ED4FD842-465C-4762-A957-1AA0CB56BF91}.Release|Any CPU.Build.0 = Release|Any CPU
		{913DB060-C24D-45C1-9A6E-65AD73B139AE}.Debug|Any CPU.ActiveCfg = Debug|Any CPU
		{913DB060-C24D-45C1-9A6E-65AD73B139AE}.Debug|Any CPU.Build.0 = Debug|Any CPU
		{913DB060-C24D-45C1-9A6E-65AD73B139AE}.Release|Any CPU.ActiveCfg = Release|Any CPU
		{913DB060-C24D-45C1-9A6E-65AD73B139AE}.Release|Any CPU.Build.0 = Release|Any CPU
		{DFF83B92-3C4C-40DA-93D0-F34B81B1A7A5}.Debug|Any CPU.ActiveCfg = Debug|Any CPU
		{DFF83B92-3C4C-40DA-93D0-F34B81B1A7A5}.Debug|Any CPU.Build.0 = Debug|Any CPU
		{DFF83B92-3C4C-40DA-93D0-F34B81B1A7A5}.Release|Any CPU.ActiveCfg = Release|Any CPU
		{DFF83B92-3C4C-40DA-93D0-F34B81B1A7A5}.Release|Any CPU.Build.0 = Release|Any CPU
		{44CCE243-AF6E-4BD7-B8E3-76FB1CC62FA8}.Debug|Any CPU.ActiveCfg = Debug|Any CPU
		{44CCE243-AF6E-4BD7-B8E3-76FB1CC62FA8}.Debug|Any CPU.Build.0 = Debug|Any CPU
		{44CCE243-AF6E-4BD7-B8E3-76FB1CC62FA8}.Release|Any CPU.ActiveCfg = Release|Any CPU
		{44CCE243-AF6E-4BD7-B8E3-76FB1CC62FA8}.Release|Any CPU.Build.0 = Release|Any CPU
	EndGlobalSection
	GlobalSection(SolutionProperties) = preSolution
		HideSolutionNode = FALSE
	EndGlobalSection
	GlobalSection(NestedProjects) = preSolution
		{DDC98B6F-7185-4108-91EA-A20E40A64070} = {9E1CE6DC-3F91-41C9-9F19-59449F2ACA6A}
		{AE329718-1F88-4366-9A9F-38BC9A13DE88} = {9E1CE6DC-3F91-41C9-9F19-59449F2ACA6A}
		{C493D8F9-A989-44C8-B098-81A1A61E48C3} = {9E1CE6DC-3F91-41C9-9F19-59449F2ACA6A}
		{E49A6238-3DEF-4973-8852-B75BE25000F5} = {5BE0F28F-2E79-4D53-B9C4-5AB76F3EE95B}
		{DD422326-BAF3-464D-BCA4-FE3DAA88FAC9} = {5BE0F28F-2E79-4D53-B9C4-5AB76F3EE95B}
		{69A740C3-16D5-4EB7-A604-E6FB681C9811} = {5BE0F28F-2E79-4D53-B9C4-5AB76F3EE95B}
		{5D269648-E608-4C89-AEBE-5B44216A76F3} = {2D385521-AF41-4730-8AAE-CF0C633B3795}
		{BA30CAA5-223C-4C66-AD2E-62F02483DB63} = {2D385521-AF41-4730-8AAE-CF0C633B3795}
		{90CEDCE3-6777-4457-BD5D-DAB27D7DA0EA} = {2D385521-AF41-4730-8AAE-CF0C633B3795}
		{50BA5783-CFFA-4EF4-A51C-2D647200B6B8} = {0F5BE0BF-116D-437D-96B3-5860D0114DFA}
		{8E549718-337A-451F-9F6C-FFA96E722893} = {0F5BE0BF-116D-437D-96B3-5860D0114DFA}
		{FD3EEC7A-3C22-4B6A-A450-9703FFAE16EC} = {0F5BE0BF-116D-437D-96B3-5860D0114DFA}
		{ED3828FF-3AEB-49A0-9EDE-742CABEBCC73} = {B848750F-2BC1-4242-B375-4C730C7D077A}
		{41BBCF91-365B-42C5-B274-AD79A776D148} = {B848750F-2BC1-4242-B375-4C730C7D077A}
		{744CFAA3-8476-4DF7-9AAE-05F086910934} = {B848750F-2BC1-4242-B375-4C730C7D077A}
		{E11DCAA4-9BE1-499D-96CF-B256570C2780} = {DCADBEDA-09E1-46EA-BDB3-917EF79D0CA6}
		{994BCB6B-4120-4AE3-9FE8-2CD9CCC2F3A9} = {DCADBEDA-09E1-46EA-BDB3-917EF79D0CA6}
		{ED4FD842-465C-4762-A957-1AA0CB56BF91} = {DCADBEDA-09E1-46EA-BDB3-917EF79D0CA6}
		{913DB060-C24D-45C1-9A6E-65AD73B139AE} = {93AF738F-38A0-43AB-87FC-E05E337EB296}
		{DFF83B92-3C4C-40DA-93D0-F34B81B1A7A5} = {93AF738F-38A0-43AB-87FC-E05E337EB296}
		{44CCE243-AF6E-4BD7-B8E3-76FB1CC62FA8} = {93AF738F-38A0-43AB-87FC-E05E337EB296}
	EndGlobalSection
	GlobalSection(ExtensibilityGlobals) = postSolution
		SolutionGuid = {B923E2B8-5826-4556-94FB-F8DD282BB6A8}
	EndGlobalSection
EndGlobal
